
Microsoft Visual Studio Solution File, Format Version 11.00
# Visual Studio 2010
Project("{8BC9CEB8-8B4A-11D0-8D11-00A0C91BC942}") = "SolidGroup", "SolidGroup\SolidGroup.vcxproj", "{757F8ECF-E5C0-465B-BAC4-1A98071F2CC7}"
EndProject
Project("{8BC9CEB8-8B4A-11D0-8D11-00A0C91BC942}") = "debug_panel", "debug_panel\debug_panel.vcxproj", "{284D8CCD-CC14-4606-8BC4-95DF275F5A4C}"
EndProject
Project("{8BC9CEB8-8B4A-11D0-8D11-00A0C91BC942}") = "TestDataBase", "TestDataBase\TestDataBase.vcxproj", "{3E89D312-6DDA-4264-BB54-5755B5EE14D1}"
EndProject
Project("{FAE04EC0-301F-11D3-BF4B-00C04F79EFBC}") = "BaseViewer", "BaseViewer\BaseViewer.csproj", "{795E996A-E4C0-4570-A7EC-B550ACEE776A}"
EndProject
Global
	GlobalSection(SolutionConfigurationPlatforms) = preSolution
		Debug|Mixed Platforms = Debug|Mixed Platforms
		Debug|Win32 = Debug|Win32
		Debug|x86 = Debug|x86
		Release|Mixed Platforms = Release|Mixed Platforms
		Release|Win32 = Release|Win32
		Release|x86 = Release|x86
	EndGlobalSection
	GlobalSection(ProjectConfigurationPlatforms) = postSolution
		{757F8ECF-E5C0-465B-BAC4-1A98071F2CC7}.Debug|Mixed Platforms.ActiveCfg = Debug|Win32
		{757F8ECF-E5C0-465B-BAC4-1A98071F2CC7}.Debug|Win32.ActiveCfg = Debug|Win32
		{757F8ECF-E5C0-465B-BAC4-1A98071F2CC7}.Debug|Win32.Build.0 = Debug|Win32
		{757F8ECF-E5C0-465B-BAC4-1A98071F2CC7}.Debug|x86.ActiveCfg = Debug|Win32
		{757F8ECF-E5C0-465B-BAC4-1A98071F2CC7}.Release|Mixed Platforms.ActiveCfg = Release|Win32
		{757F8ECF-E5C0-465B-BAC4-1A98071F2CC7}.Release|Win32.ActiveCfg = Release|Win32
		{757F8ECF-E5C0-465B-BAC4-1A98071F2CC7}.Release|Win32.Build.0 = Release|Win32
		{757F8ECF-E5C0-465B-BAC4-1A98071F2CC7}.Release|x86.ActiveCfg = Release|Win32
		{284D8CCD-CC14-4606-8BC4-95DF275F5A4C}.Debug|Mixed Platforms.ActiveCfg = Debug|Win32
		{284D8CCD-CC14-4606-8BC4-95DF275F5A4C}.Debug|Win32.ActiveCfg = Debug|Win32
		{284D8CCD-CC14-4606-8BC4-95DF275F5A4C}.Debug|Win32.Build.0 = Debug|Win32
		{284D8CCD-CC14-4606-8BC4-95DF275F5A4C}.Debug|x86.ActiveCfg = Debug|Win32
		{284D8CCD-CC14-4606-8BC4-95DF275F5A4C}.Release|Mixed Platforms.ActiveCfg = Release|Win32
		{284D8CCD-CC14-4606-8BC4-95DF275F5A4C}.Release|Win32.ActiveCfg = Release|Win32
		{284D8CCD-CC14-4606-8BC4-95DF275F5A4C}.Release|Win32.Build.0 = Release|Win32
		{284D8CCD-CC14-4606-8BC4-95DF275F5A4C}.Release|x86.ActiveCfg = Release|Win32
		{3E89D312-6DDA-4264-BB54-5755B5EE14D1}.Debug|Mixed Platforms.ActiveCfg = Debug|Win32
		{3E89D312-6DDA-4264-BB54-5755B5EE14D1}.Debug|Mixed Platforms.Build.0 = Debug|Win32
		{3E89D312-6DDA-4264-BB54-5755B5EE14D1}.Debug|Win32.ActiveCfg = Debug|Win32
		{3E89D312-6DDA-4264-BB54-5755B5EE14D1}.Debug|Win32.Build.0 = Debug|Win32
		{3E89D312-6DDA-4264-BB54-5755B5EE14D1}.Debug|x86.ActiveCfg = Debug|Win32
		{3E89D312-6DDA-4264-BB54-5755B5EE14D1}.Release|Mixed Platforms.ActiveCfg = Release|Win32
		{3E89D312-6DDA-4264-BB54-5755B5EE14D1}.Release|Mixed Platforms.Build.0 = Release|Win32
		{3E89D312-6DDA-4264-BB54-5755B5EE14D1}.Release|Win32.ActiveCfg = Release|Win32
		{3E89D312-6DDA-4264-BB54-5755B5EE14D1}.Release|Win32.Build.0 = Release|Win32
		{3E89D312-6DDA-4264-BB54-5755B5EE14D1}.Release|x86.ActiveCfg = Release|Win32
		{795E996A-E4C0-4570-A7EC-B550ACEE776A}.Debug|Mixed Platforms.ActiveCfg = Debug|x86
		{795E996A-E4C0-4570-A7EC-B550ACEE776A}.Debug|Mixed Platforms.Build.0 = Debug|x86
		{795E996A-E4C0-4570-A7EC-B550ACEE776A}.Debug|Win32.ActiveCfg = Debug|x86
		{795E996A-E4C0-4570-A7EC-B550ACEE776A}.Debug|x86.ActiveCfg = Debug|x86
		{795E996A-E4C0-4570-A7EC-B550ACEE776A}.Debug|x86.Build.0 = Debug|x86
		{795E996A-E4C0-4570-A7EC-B550ACEE776A}.Release|Mixed Platforms.ActiveCfg = Release|x86
		{795E996A-E4C0-4570-A7EC-B550ACEE776A}.Release|Mixed Platforms.Build.0 = Release|x86
		{795E996A-E4C0-4570-A7EC-B550ACEE776A}.Release|Win32.ActiveCfg = Release|x86
		{795E996A-E4C0-4570-A7EC-B550ACEE776A}.Release|x86.ActiveCfg = Release|x86
		{795E996A-E4C0-4570-A7EC-B550ACEE776A}.Release|x86.Build.0 = Release|x86
	EndGlobalSection
	GlobalSection(SolutionProperties) = preSolution
		HideSolutionNode = FALSE
	EndGlobalSection
EndGlobal
